
Microsoft Visual Studio Solution File, Format Version 12.00
# Visual Studio Version 17
VisualStudioVersion = 17.13.35919.96
MinimumVisualStudioVersion = 10.0.40219.1
Project("{FAE04EC0-301F-11D3-BF4B-00C04F79EFBC}") = "QmsCallPad", "QmsCallPad.csproj", "{D6D9C20B-9FA4-4F8C-874D-3807937E67AB}"
EndProject
Global
	GlobalSection(SolutionConfigurationPlatforms) = preSolution
		Debug|Any CPU = Debug|Any CPU
		Debug|ARM32 = Debug|ARM32
		Release|Any CPU = Release|Any CPU
		Release|ARM32 = Release|ARM32
	EndGlobalSection
	GlobalSection(ProjectConfigurationPlatforms) = postSolution
		{D6D9C20B-9FA4-4F8C-874D-3807937E67AB}.Debug|Any CPU.ActiveCfg = Debug|Any CPU
		{D6D9C20B-9FA4-4F8C-874D-3807937E67AB}.Debug|Any CPU.Build.0 = Debug|Any CPU
		{D6D9C20B-9FA4-4F8C-874D-3807937E67AB}.Debug|Any CPU.Deploy.0 = Debug|Any CPU
		{D6D9C20B-9FA4-4F8C-874D-3807937E67AB}.Debug|ARM32.ActiveCfg = Debug|ARM32
		{D6D9C20B-9FA4-4F8C-874D-3807937E67AB}.Debug|ARM32.Build.0 = Debug|ARM32
		{D6D9C20B-9FA4-4F8C-874D-3807937E67AB}.Debug|ARM32.Deploy.0 = Debug|ARM32
		{D6D9C20B-9FA4-4F8C-874D-3807937E67AB}.Release|Any CPU.ActiveCfg = Release|Any CPU
		{D6D9C20B-9FA4-4F8C-874D-3807937E67AB}.Release|Any CPU.Build.0 = Release|Any CPU
		{D6D9C20B-9FA4-4F8C-874D-3807937E67AB}.Release|Any CPU.Deploy.0 = Release|Any CPU
		{D6D9C20B-9FA4-4F8C-874D-3807937E67AB}.Release|ARM32.ActiveCfg = Release|ARM32
		{D6D9C20B-9FA4-4F8C-874D-3807937E67AB}.Release|ARM32.Build.0 = Release|ARM32
		{D6D9C20B-9FA4-4F8C-874D-3807937E67AB}.Release|ARM32.Deploy.0 = Release|ARM32
	EndGlobalSection
	GlobalSection(SolutionProperties) = preSolution
		HideSolutionNode = FALSE
	EndGlobalSection
	GlobalSection(ExtensibilityGlobals) = postSolution
		SolutionGuid = {071A596D-2A34-4CBF-B2F8-C1811E62442B}
	EndGlobalSection
EndGlobal
